
Microsoft Visual Studio Solution File, Format Version 12.00
# Visual Studio Version 17
VisualStudioVersion = 17.14.36623.8
MinimumVisualStudioVersion = 10.0.40219.1
Project("{FAE04EC0-301F-11D3-BF4B-00C04F79EFBC}") = "TrueCode.Shared.Infrastructure", "TrueCode.Shared.Infrastructure.csproj", "{DE453AEB-E67E-40DB-B24C-C6597BDE60B0}"
EndProject
Project("{FAE04EC0-301F-11D3-BF4B-00C04F79EFBC}") = "TrueCode.Shared.Contracts", "..\TrueCode.Shared.Contracts\TrueCode.Shared.Contracts.csproj", "{AD760810-2FB9-96DF-04D6-FBFCE64DBF1C}"
EndProject
Global
	GlobalSection(SolutionConfigurationPlatforms) = preSolution
		Debug|Any CPU = Debug|Any CPU
		Release|Any CPU = Release|Any CPU
	EndGlobalSection
	GlobalSection(ProjectConfigurationPlatforms) = postSolution
		{DE453AEB-E67E-40DB-B24C-C6597BDE60B0}.Debug|Any CPU.ActiveCfg = Debug|Any CPU
		{DE453AEB-E67E-40DB-B24C-C6597BDE60B0}.Debug|Any CPU.Build.0 = Debug|Any CPU
		{DE453AEB-E67E-40DB-B24C-C6597BDE60B0}.Release|Any CPU.ActiveCfg = Release|Any CPU
		{DE453AEB-E67E-40DB-B24C-C6597BDE60B0}.Release|Any CPU.Build.0 = Release|Any CPU
		{AD760810-2FB9-96DF-04D6-FBFCE64DBF1C}.Debug|Any CPU.ActiveCfg = Debug|Any CPU
		{AD760810-2FB9-96DF-04D6-FBFCE64DBF1C}.Debug|Any CPU.Build.0 = Debug|Any CPU
		{AD760810-2FB9-96DF-04D6-FBFCE64DBF1C}.Release|Any CPU.ActiveCfg = Release|Any CPU
		{AD760810-2FB9-96DF-04D6-FBFCE64DBF1C}.Release|Any CPU.Build.0 = Release|Any CPU
	EndGlobalSection
	GlobalSection(SolutionProperties) = preSolution
		HideSolutionNode = FALSE
	EndGlobalSection
	GlobalSection(ExtensibilityGlobals) = postSolution
		SolutionGuid = {60D5C026-BA70-4623-BA6E-35B8A568770B}
	EndGlobalSection
EndGlobal
