
Microsoft Visual Studio Solution File, Format Version 12.00
# Visual Studio Version 17
VisualStudioVersion = 17.14.36623.8 d17.14
MinimumVisualStudioVersion = 10.0.40219.1
Project("{FAE04EC0-301F-11D3-BF4B-00C04F79EFBC}") = "TrueCode.DbMigrator.Console", "TrueCode.DbMigrator.Console\TrueCode.DbMigrator.Console.csproj", "{F7F7B963-29D6-48BA-96B0-4A2532F4C519}"
EndProject
Project("{FAE04EC0-301F-11D3-BF4B-00C04F79EFBC}") = "TrueCode.Shared.Infrastructure", "..\TrueCode.Shared.Infrastructure\TrueCode.Shared.Infrastructure.csproj", "{438EED4D-C113-8A41-34C8-1563FFD9DE5C}"
EndProject
Global
	GlobalSection(SolutionConfigurationPlatforms) = preSolution
		Debug|Any CPU = Debug|Any CPU
		Release|Any CPU = Release|Any CPU
	EndGlobalSection
	GlobalSection(ProjectConfigurationPlatforms) = postSolution
		{F7F7B963-29D6-48BA-96B0-4A2532F4C519}.Debug|Any CPU.ActiveCfg = Debug|Any CPU
		{F7F7B963-29D6-48BA-96B0-4A2532F4C519}.Debug|Any CPU.Build.0 = Debug|Any CPU
		{F7F7B963-29D6-48BA-96B0-4A2532F4C519}.Release|Any CPU.ActiveCfg = Release|Any CPU
		{F7F7B963-29D6-48BA-96B0-4A2532F4C519}.Release|Any CPU.Build.0 = Release|Any CPU
		{438EED4D-C113-8A41-34C8-1563FFD9DE5C}.Debug|Any CPU.ActiveCfg = Debug|Any CPU
		{438EED4D-C113-8A41-34C8-1563FFD9DE5C}.Debug|Any CPU.Build.0 = Debug|Any CPU
		{438EED4D-C113-8A41-34C8-1563FFD9DE5C}.Release|Any CPU.ActiveCfg = Release|Any CPU
		{438EED4D-C113-8A41-34C8-1563FFD9DE5C}.Release|Any CPU.Build.0 = Release|Any CPU
	EndGlobalSection
	GlobalSection(SolutionProperties) = preSolution
		HideSolutionNode = FALSE
	EndGlobalSection
	GlobalSection(ExtensibilityGlobals) = postSolution
		SolutionGuid = {2BCC1155-A693-4763-8FC9-1936DCCEEC86}
	EndGlobalSection
EndGlobal
