
Microsoft Visual Studio Solution File, Format Version 12.00
# Visual Studio Version 17
VisualStudioVersion = 17.14.36623.8
MinimumVisualStudioVersion = 10.0.40219.1
Project("{FAE04EC0-301F-11D3-BF4B-00C04F79EFBC}") = "TrueCode.BackgroundService.Main", "TrueCode.BackgroundService.Main\TrueCode.BackgroundService.Main.csproj", "{73861E70-4BB1-4F19-A9E8-0C9D48BBA795}"
EndProject
Project("{FAE04EC0-301F-11D3-BF4B-00C04F79EFBC}") = "TrueCode.Shared.Infrastructure", "..\TrueCode.Shared.Infrastructure\TrueCode.Shared.Infrastructure.csproj", "{438EED4D-C113-8A41-34C8-1563FFD9DE5C}"
EndProject
Project("{FAE04EC0-301F-11D3-BF4B-00C04F79EFBC}") = "TrueCode.Shared.Contracts", "..\TrueCode.Shared.Contracts\TrueCode.Shared.Contracts.csproj", "{AD760810-2FB9-96DF-04D6-FBFCE64DBF1C}"
EndProject
Project("{FAE04EC0-301F-11D3-BF4B-00C04F79EFBC}") = "TrueCode.BackgroundService.Infrastructure", "TrueCode.BackgroundService.Infrastructure\TrueCode.BackgroundService.Infrastructure.csproj", "{36A88E7C-6712-4ADE-BFC0-DC4F7010D512}"
EndProject
Project("{FAE04EC0-301F-11D3-BF4B-00C04F79EFBC}") = "TrueCode.BackgroundService.Application", "TrueCode.BackgroundService.Application\TrueCode.BackgroundService.Application.csproj", "{E560BDD9-537D-4349-BBDF-72F4A3D09707}"
EndProject
Global
	GlobalSection(SolutionConfigurationPlatforms) = preSolution
		Debug|Any CPU = Debug|Any CPU
		Release|Any CPU = Release|Any CPU
	EndGlobalSection
	GlobalSection(ProjectConfigurationPlatforms) = postSolution
		{73861E70-4BB1-4F19-A9E8-0C9D48BBA795}.Debug|Any CPU.ActiveCfg = Debug|Any CPU
		{73861E70-4BB1-4F19-A9E8-0C9D48BBA795}.Debug|Any CPU.Build.0 = Debug|Any CPU
		{73861E70-4BB1-4F19-A9E8-0C9D48BBA795}.Release|Any CPU.ActiveCfg = Release|Any CPU
		{73861E70-4BB1-4F19-A9E8-0C9D48BBA795}.Release|Any CPU.Build.0 = Release|Any CPU
		{438EED4D-C113-8A41-34C8-1563FFD9DE5C}.Debug|Any CPU.ActiveCfg = Debug|Any CPU
		{438EED4D-C113-8A41-34C8-1563FFD9DE5C}.Debug|Any CPU.Build.0 = Debug|Any CPU
		{438EED4D-C113-8A41-34C8-1563FFD9DE5C}.Release|Any CPU.ActiveCfg = Release|Any CPU
		{438EED4D-C113-8A41-34C8-1563FFD9DE5C}.Release|Any CPU.Build.0 = Release|Any CPU
		{AD760810-2FB9-96DF-04D6-FBFCE64DBF1C}.Debug|Any CPU.ActiveCfg = Debug|Any CPU
		{AD760810-2FB9-96DF-04D6-FBFCE64DBF1C}.Debug|Any CPU.Build.0 = Debug|Any CPU
		{AD760810-2FB9-96DF-04D6-FBFCE64DBF1C}.Release|Any CPU.ActiveCfg = Release|Any CPU
		{AD760810-2FB9-96DF-04D6-FBFCE64DBF1C}.Release|Any CPU.Build.0 = Release|Any CPU
		{36A88E7C-6712-4ADE-BFC0-DC4F7010D512}.Debug|Any CPU.ActiveCfg = Debug|Any CPU
		{36A88E7C-6712-4ADE-BFC0-DC4F7010D512}.Debug|Any CPU.Build.0 = Debug|Any CPU
		{36A88E7C-6712-4ADE-BFC0-DC4F7010D512}.Release|Any CPU.ActiveCfg = Release|Any CPU
		{36A88E7C-6712-4ADE-BFC0-DC4F7010D512}.Release|Any CPU.Build.0 = Release|Any CPU
		{E560BDD9-537D-4349-BBDF-72F4A3D09707}.Debug|Any CPU.ActiveCfg = Debug|Any CPU
		{E560BDD9-537D-4349-BBDF-72F4A3D09707}.Debug|Any CPU.Build.0 = Debug|Any CPU
		{E560BDD9-537D-4349-BBDF-72F4A3D09707}.Release|Any CPU.ActiveCfg = Release|Any CPU
		{E560BDD9-537D-4349-BBDF-72F4A3D09707}.Release|Any CPU.Build.0 = Release|Any CPU
	EndGlobalSection
	GlobalSection(SolutionProperties) = preSolution
		HideSolutionNode = FALSE
	EndGlobalSection
	GlobalSection(ExtensibilityGlobals) = postSolution
		SolutionGuid = {991F77DB-5F53-48F2-B780-A71E9D61EB45}
	EndGlobalSection
EndGlobal
